
Microsoft Visual Studio Solution File, Format Version 11.00
# Visual C# Express 2010
Project("{FAE04EC0-301F-11D3-BF4B-00C04F79EFBC}") = "ImagenLib", "ImagenLib\ImagenLib.csproj", "{C553DEE9-6CF1-462D-B6CD-BC3FAF19AC07}"
EndProject
Project("{FAE04EC0-301F-11D3-BF4B-00C04F79EFBC}") = "Proyecto de prueba", "Proyecto de prueba\Proyecto de prueba.csproj", "{42302E60-4F91-43FA-A629-FF0D12F68145}"
EndProject
Project("{FAE04EC0-301F-11D3-BF4B-00C04F79EFBC}") = "ProyectoDB", "ProyectoDB\ProyectoDB.csproj", "{8E4B076A-A422-470F-B919-B607298561E8}"
EndProject
Project("{FAE04EC0-301F-11D3-BF4B-00C04F79EFBC}") = "Gestiondata", "Gestiondata\Gestiondata.csproj", "{05A119A2-FD8A-407F-B8A9-658103972215}"
EndProject
Global
	GlobalSection(SolutionConfigurationPlatforms) = preSolution
		Debug|Any CPU = Debug|Any CPU
		Debug|Mixed Platforms = Debug|Mixed Platforms
		Debug|x86 = Debug|x86
		Release|Any CPU = Release|Any CPU
		Release|Mixed Platforms = Release|Mixed Platforms
		Release|x86 = Release|x86
	EndGlobalSection
	GlobalSection(ProjectConfigurationPlatforms) = postSolution
		{C553DEE9-6CF1-462D-B6CD-BC3FAF19AC07}.Debug|Any CPU.ActiveCfg = Debug|Any CPU
		{C553DEE9-6CF1-462D-B6CD-BC3FAF19AC07}.Debug|Any CPU.Build.0 = Debug|Any CPU
		{C553DEE9-6CF1-462D-B6CD-BC3FAF19AC07}.Debug|Mixed Platforms.ActiveCfg = Debug|Any CPU
		{C553DEE9-6CF1-462D-B6CD-BC3FAF19AC07}.Debug|Mixed Platforms.Build.0 = Debug|Any CPU
		{C553DEE9-6CF1-462D-B6CD-BC3FAF19AC07}.Debug|x86.ActiveCfg = Debug|Any CPU
		{C553DEE9-6CF1-462D-B6CD-BC3FAF19AC07}.Release|Any CPU.ActiveCfg = Release|Any CPU
		{C553DEE9-6CF1-462D-B6CD-BC3FAF19AC07}.Release|Any CPU.Build.0 = Release|Any CPU
		{C553DEE9-6CF1-462D-B6CD-BC3FAF19AC07}.Release|Mixed Platforms.ActiveCfg = Release|Any CPU
		{C553DEE9-6CF1-462D-B6CD-BC3FAF19AC07}.Release|Mixed Platforms.Build.0 = Release|Any CPU
		{C553DEE9-6CF1-462D-B6CD-BC3FAF19AC07}.Release|x86.ActiveCfg = Release|Any CPU
		{42302E60-4F91-43FA-A629-FF0D12F68145}.Debug|Any CPU.ActiveCfg = Debug|x86
		{42302E60-4F91-43FA-A629-FF0D12F68145}.Debug|Mixed Platforms.ActiveCfg = Debug|x86
		{42302E60-4F91-43FA-A629-FF0D12F68145}.Debug|Mixed Platforms.Build.0 = Debug|x86
		{42302E60-4F91-43FA-A629-FF0D12F68145}.Debug|x86.ActiveCfg = Debug|x86
		{42302E60-4F91-43FA-A629-FF0D12F68145}.Debug|x86.Build.0 = Debug|x86
		{42302E60-4F91-43FA-A629-FF0D12F68145}.Release|Any CPU.ActiveCfg = Release|x86
		{42302E60-4F91-43FA-A629-FF0D12F68145}.Release|Mixed Platforms.ActiveCfg = Release|x86
		{42302E60-4F91-43FA-A629-FF0D12F68145}.Release|Mixed Platforms.Build.0 = Release|x86
		{42302E60-4F91-43FA-A629-FF0D12F68145}.Release|x86.ActiveCfg = Release|x86
		{42302E60-4F91-43FA-A629-FF0D12F68145}.Release|x86.Build.0 = Release|x86
		{8E4B076A-A422-470F-B919-B607298561E8}.Debug|Any CPU.ActiveCfg = Debug|x86
		{8E4B076A-A422-470F-B919-B607298561E8}.Debug|Mixed Platforms.ActiveCfg = Debug|x86
		{8E4B076A-A422-470F-B919-B607298561E8}.Debug|Mixed Platforms.Build.0 = Debug|x86
		{8E4B076A-A422-470F-B919-B607298561E8}.Debug|x86.ActiveCfg = Debug|x86
		{8E4B076A-A422-470F-B919-B607298561E8}.Debug|x86.Build.0 = Debug|x86
		{8E4B076A-A422-470F-B919-B607298561E8}.Release|Any CPU.ActiveCfg = Release|x86
		{8E4B076A-A422-470F-B919-B607298561E8}.Release|Mixed Platforms.ActiveCfg = Release|x86
		{8E4B076A-A422-470F-B919-B607298561E8}.Release|Mixed Platforms.Build.0 = Release|x86
		{8E4B076A-A422-470F-B919-B607298561E8}.Release|x86.ActiveCfg = Release|x86
		{8E4B076A-A422-470F-B919-B607298561E8}.Release|x86.Build.0 = Release|x86
		{05A119A2-FD8A-407F-B8A9-658103972215}.Debug|Any CPU.ActiveCfg = Debug|Any CPU
		{05A119A2-FD8A-407F-B8A9-658103972215}.Debug|Any CPU.Build.0 = Debug|Any CPU
		{05A119A2-FD8A-407F-B8A9-658103972215}.Debug|Mixed Platforms.ActiveCfg = Debug|Any CPU
		{05A119A2-FD8A-407F-B8A9-658103972215}.Debug|Mixed Platforms.Build.0 = Debug|Any CPU
		{05A119A2-FD8A-407F-B8A9-658103972215}.Debug|x86.ActiveCfg = Debug|Any CPU
		{05A119A2-FD8A-407F-B8A9-658103972215}.Release|Any CPU.ActiveCfg = Release|Any CPU
		{05A119A2-FD8A-407F-B8A9-658103972215}.Release|Any CPU.Build.0 = Release|Any CPU
		{05A119A2-FD8A-407F-B8A9-658103972215}.Release|Mixed Platforms.ActiveCfg = Release|Any CPU
		{05A119A2-FD8A-407F-B8A9-658103972215}.Release|Mixed Platforms.Build.0 = Release|Any CPU
		{05A119A2-FD8A-407F-B8A9-658103972215}.Release|x86.ActiveCfg = Release|Any CPU
	EndGlobalSection
	GlobalSection(SolutionProperties) = preSolution
		HideSolutionNode = FALSE
	EndGlobalSection
EndGlobal
